
Microsoft Visual Studio Solution File, Format Version 12.00
# Visual Studio Version 17
VisualStudioVersion = 17.14.36518.9
MinimumVisualStudioVersion = 10.0.40219.1
Project("{FAE04EC0-301F-11D3-BF4B-00C04F79EFBC}") = "libarchive.NET", "libarchive.NET\libarchive.NET.csproj", "{FB5C3B79-59EC-4DF2-8A13-3B4C04F14DAF}"
EndProject
Project("{FAE04EC0-301F-11D3-BF4B-00C04F79EFBC}") = "Tests", "Tests\Tests.csproj", "{3C5169C1-67A9-4A9A-B241-A7C1D1849353}"
EndProject
Project("{FAE04EC0-301F-11D3-BF4B-00C04F79EFBC}") = "Examples", "Examples\Examples.csproj", "{EE3415C6-F461-453F-9295-1D1F23D8B256}"
EndProject
Global
	GlobalSection(SolutionConfigurationPlatforms) = preSolution
		Debug|Any CPU = Debug|Any CPU
		Release|Any CPU = Release|Any CPU
	EndGlobalSection
	GlobalSection(ProjectConfigurationPlatforms) = postSolution
		{FB5C3B79-59EC-4DF2-8A13-3B4C04F14DAF}.Debug|Any CPU.ActiveCfg = Debug|Any CPU
		{FB5C3B79-59EC-4DF2-8A13-3B4C04F14DAF}.Debug|Any CPU.Build.0 = Debug|Any CPU
		{FB5C3B79-59EC-4DF2-8A13-3B4C04F14DAF}.Release|Any CPU.ActiveCfg = Release|Any CPU
		{FB5C3B79-59EC-4DF2-8A13-3B4C04F14DAF}.Release|Any CPU.Build.0 = Release|Any CPU
		{3C5169C1-67A9-4A9A-B241-A7C1D1849353}.Debug|Any CPU.ActiveCfg = Debug|Any CPU
		{3C5169C1-67A9-4A9A-B241-A7C1D1849353}.Debug|Any CPU.Build.0 = Debug|Any CPU
		{3C5169C1-67A9-4A9A-B241-A7C1D1849353}.Release|Any CPU.ActiveCfg = Release|Any CPU
		{3C5169C1-67A9-4A9A-B241-A7C1D1849353}.Release|Any CPU.Build.0 = Release|Any CPU
		{EE3415C6-F461-453F-9295-1D1F23D8B256}.Debug|Any CPU.ActiveCfg = Debug|Any CPU
		{EE3415C6-F461-453F-9295-1D1F23D8B256}.Debug|Any CPU.Build.0 = Debug|Any CPU
		{EE3415C6-F461-453F-9295-1D1F23D8B256}.Release|Any CPU.ActiveCfg = Release|Any CPU
		{EE3415C6-F461-453F-9295-1D1F23D8B256}.Release|Any CPU.Build.0 = Release|Any CPU
	EndGlobalSection
	GlobalSection(SolutionProperties) = preSolution
		HideSolutionNode = FALSE
	EndGlobalSection
	GlobalSection(ExtensibilityGlobals) = postSolution
		SolutionGuid = {C7B1329B-D923-45CA-AEAD-77525F0307B0}
	EndGlobalSection
EndGlobal
